
Microsoft Visual Studio Solution File, Format Version 12.00
# Visual Studio Version 17
VisualStudioVersion = 17.3.32901.215
MinimumVisualStudioVersion = 10.0.40219.1
Project("{FAE04EC0-301F-11D3-BF4B-00C04F79EFBC}") = "AwsS3_WebApi", "AwsS3_WebApi\AwsS3_WebApi.csproj", "{A9FB3637-2BCF-4B6F-AD10-E4652D1CCB4F}"
EndProject
Global
	GlobalSection(SolutionConfigurationPlatforms) = preSolution
		Debug|Any CPU = Debug|Any CPU
		Release|Any CPU = Release|Any CPU
	EndGlobalSection
	GlobalSection(ProjectConfigurationPlatforms) = postSolution
		{A9FB3637-2BCF-4B6F-AD10-E4652D1CCB4F}.Debug|Any CPU.ActiveCfg = Debug|Any CPU
		{A9FB3637-2BCF-4B6F-AD10-E4652D1CCB4F}.Debug|Any CPU.Build.0 = Debug|Any CPU
		{A9FB3637-2BCF-4B6F-AD10-E4652D1CCB4F}.Release|Any CPU.ActiveCfg = Release|Any CPU
		{A9FB3637-2BCF-4B6F-AD10-E4652D1CCB4F}.Release|Any CPU.Build.0 = Release|Any CPU
	EndGlobalSection
	GlobalSection(SolutionProperties) = preSolution
		HideSolutionNode = FALSE
	EndGlobalSection
	GlobalSection(ExtensibilityGlobals) = postSolution
		SolutionGuid = {D148A6D0-2C61-442D-A25C-18F08E351F53}
	EndGlobalSection
EndGlobal
